
Microsoft Visual Studio Solution File, Format Version 12.00
# Visual Studio Version 17
VisualStudioVersion = 17.10.34928.147
MinimumVisualStudioVersion = 10.0.40219.1
Project("{9A19103F-16F7-4668-BE54-9A1E7A4F7556}") = "Domain", "src\Domain\Domain.csproj", "{C2605B3F-A749-4041-A522-1CFBECA5BE59}"
EndProject
Project("{9A19103F-16F7-4668-BE54-9A1E7A4F7556}") = "Persistence", "src\Persistence\Persistence.csproj", "{6E1B8C6F-B6D1-4337-8EC2-D2254929018B}"
EndProject
Project("{9A19103F-16F7-4668-BE54-9A1E7A4F7556}") = "Application", "src\Application\Application.csproj", "{CE487EBE-A3DC-4EF4-8E35-9EF652CE2B7C}"
EndProject
Project("{9A19103F-16F7-4668-BE54-9A1E7A4F7556}") = "WebApi", "src\WebApi\WebApi.csproj", "{DF12978B-52DF-4025-840D-25BD84D55A6C}"
EndProject
Project("{9A19103F-16F7-4668-BE54-9A1E7A4F7556}") = "Infrastructure", "src\Infrastructure\Infrastructure.csproj", "{9F4F337A-B4DD-4377-BD76-CD8FF5727E4F}"
EndProject
Project("{9A19103F-16F7-4668-BE54-9A1E7A4F7556}") = "WebApp", "src\WebApp\WebApp.csproj", "{DF37EEC3-DB90-4825-91B4-A433F661E148}"
EndProject
Project("{2150E333-8FDC-42A3-9474-1A3956D46DE8}") = "test", "test", "{9415BFD1-1379-408A-A624-7A4FFAD988E8}"
EndProject
Project("{2150E333-8FDC-42A3-9474-1A3956D46DE8}") = "src", "src", "{1EE28EC5-4C43-4E96-89B4-2F3FF4A491DB}"
EndProject
Project("{9A19103F-16F7-4668-BE54-9A1E7A4F7556}") = "ApplicationUnitTests", "test\ApplicationUnitTest\ApplicationUnitTests.csproj", "{F8EB26B5-FC55-48CF-9139-068D3F3A3663}"
EndProject
Global
	GlobalSection(SolutionConfigurationPlatforms) = preSolution
		Debug|Any CPU = Debug|Any CPU
		Release|Any CPU = Release|Any CPU
	EndGlobalSection
	GlobalSection(ProjectConfigurationPlatforms) = postSolution
		{C2605B3F-A749-4041-A522-1CFBECA5BE59}.Debug|Any CPU.ActiveCfg = Debug|Any CPU
		{C2605B3F-A749-4041-A522-1CFBECA5BE59}.Debug|Any CPU.Build.0 = Debug|Any CPU
		{C2605B3F-A749-4041-A522-1CFBECA5BE59}.Release|Any CPU.ActiveCfg = Release|Any CPU
		{C2605B3F-A749-4041-A522-1CFBECA5BE59}.Release|Any CPU.Build.0 = Release|Any CPU
		{6E1B8C6F-B6D1-4337-8EC2-D2254929018B}.Debug|Any CPU.ActiveCfg = Debug|Any CPU
		{6E1B8C6F-B6D1-4337-8EC2-D2254929018B}.Debug|Any CPU.Build.0 = Debug|Any CPU
		{6E1B8C6F-B6D1-4337-8EC2-D2254929018B}.Release|Any CPU.ActiveCfg = Release|Any CPU
		{6E1B8C6F-B6D1-4337-8EC2-D2254929018B}.Release|Any CPU.Build.0 = Release|Any CPU
		{CE487EBE-A3DC-4EF4-8E35-9EF652CE2B7C}.Debug|Any CPU.ActiveCfg = Debug|Any CPU
		{CE487EBE-A3DC-4EF4-8E35-9EF652CE2B7C}.Debug|Any CPU.Build.0 = Debug|Any CPU
		{CE487EBE-A3DC-4EF4-8E35-9EF652CE2B7C}.Release|Any CPU.ActiveCfg = Release|Any CPU
		{CE487EBE-A3DC-4EF4-8E35-9EF652CE2B7C}.Release|Any CPU.Build.0 = Release|Any CPU
		{DF12978B-52DF-4025-840D-25BD84D55A6C}.Debug|Any CPU.ActiveCfg = Debug|Any CPU
		{DF12978B-52DF-4025-840D-25BD84D55A6C}.Debug|Any CPU.Build.0 = Debug|Any CPU
		{DF12978B-52DF-4025-840D-25BD84D55A6C}.Release|Any CPU.ActiveCfg = Release|Any CPU
		{DF12978B-52DF-4025-840D-25BD84D55A6C}.Release|Any CPU.Build.0 = Release|Any CPU
		{9F4F337A-B4DD-4377-BD76-CD8FF5727E4F}.Debug|Any CPU.ActiveCfg = Debug|Any CPU
		{9F4F337A-B4DD-4377-BD76-CD8FF5727E4F}.Debug|Any CPU.Build.0 = Debug|Any CPU
		{9F4F337A-B4DD-4377-BD76-CD8FF5727E4F}.Release|Any CPU.ActiveCfg = Release|Any CPU
		{9F4F337A-B4DD-4377-BD76-CD8FF5727E4F}.Release|Any CPU.Build.0 = Release|Any CPU
		{DF37EEC3-DB90-4825-91B4-A433F661E148}.Debug|Any CPU.ActiveCfg = Debug|Any CPU
		{DF37EEC3-DB90-4825-91B4-A433F661E148}.Debug|Any CPU.Build.0 = Debug|Any CPU
		{DF37EEC3-DB90-4825-91B4-A433F661E148}.Release|Any CPU.ActiveCfg = Release|Any CPU
		{DF37EEC3-DB90-4825-91B4-A433F661E148}.Release|Any CPU.Build.0 = Release|Any CPU
		{F8EB26B5-FC55-48CF-9139-068D3F3A3663}.Debug|Any CPU.ActiveCfg = Debug|Any CPU
		{F8EB26B5-FC55-48CF-9139-068D3F3A3663}.Debug|Any CPU.Build.0 = Debug|Any CPU
		{F8EB26B5-FC55-48CF-9139-068D3F3A3663}.Release|Any CPU.ActiveCfg = Release|Any CPU
		{F8EB26B5-FC55-48CF-9139-068D3F3A3663}.Release|Any CPU.Build.0 = Release|Any CPU
	EndGlobalSection
	GlobalSection(SolutionProperties) = preSolution
		HideSolutionNode = FALSE
	EndGlobalSection
	GlobalSection(NestedProjects) = preSolution
		{C2605B3F-A749-4041-A522-1CFBECA5BE59} = {1EE28EC5-4C43-4E96-89B4-2F3FF4A491DB}
		{6E1B8C6F-B6D1-4337-8EC2-D2254929018B} = {1EE28EC5-4C43-4E96-89B4-2F3FF4A491DB}
		{CE487EBE-A3DC-4EF4-8E35-9EF652CE2B7C} = {1EE28EC5-4C43-4E96-89B4-2F3FF4A491DB}
		{DF12978B-52DF-4025-840D-25BD84D55A6C} = {1EE28EC5-4C43-4E96-89B4-2F3FF4A491DB}
		{9F4F337A-B4DD-4377-BD76-CD8FF5727E4F} = {1EE28EC5-4C43-4E96-89B4-2F3FF4A491DB}
		{DF37EEC3-DB90-4825-91B4-A433F661E148} = {1EE28EC5-4C43-4E96-89B4-2F3FF4A491DB}
		{F8EB26B5-FC55-48CF-9139-068D3F3A3663} = {9415BFD1-1379-408A-A624-7A4FFAD988E8}
	EndGlobalSection
	GlobalSection(ExtensibilityGlobals) = postSolution
		SolutionGuid = {DDE94B31-6101-4846-9162-8C0364608EB7}
	EndGlobalSection
EndGlobal
